
Microsoft Visual Studio Solution File, Format Version 12.00
# Visual Studio Version 16
VisualStudioVersion = 16.0.30406.217
MinimumVisualStudioVersion = 10.0.40219.1
Project("{FAE04EC0-301F-11D3-BF4B-00C04F79EFBC}") = "ELearningProject_SoufianeJD", "ELearningProject_SoufianeJD\ELearningProject_SoufianeJD.csproj", "{86B72B8C-0FC9-461B-B903-7560A64283B8}"
EndProject
Global
	GlobalSection(SolutionConfigurationPlatforms) = preSolution
		Debug|Any CPU = Debug|Any CPU
		Release|Any CPU = Release|Any CPU
	EndGlobalSection
	GlobalSection(ProjectConfigurationPlatforms) = postSolution
		{86B72B8C-0FC9-461B-B903-7560A64283B8}.Debug|Any CPU.ActiveCfg = Debug|Any CPU
		{86B72B8C-0FC9-461B-B903-7560A64283B8}.Debug|Any CPU.Build.0 = Debug|Any CPU
		{86B72B8C-0FC9-461B-B903-7560A64283B8}.Release|Any CPU.ActiveCfg = Release|Any CPU
		{86B72B8C-0FC9-461B-B903-7560A64283B8}.Release|Any CPU.Build.0 = Release|Any CPU
	EndGlobalSection
	GlobalSection(SolutionProperties) = preSolution
		HideSolutionNode = FALSE
	EndGlobalSection
	GlobalSection(ExtensibilityGlobals) = postSolution
		SolutionGuid = {29C586FE-244E-408C-9D1D-FEF447AEE00C}
	EndGlobalSection
EndGlobal
